
Microsoft Visual Studio Solution File, Format Version 12.00
# Visual Studio 15
VisualStudioVersion = 15.0.28307.1062
MinimumVisualStudioVersion = 10.0.40219.1
Project("{8BC9CEB8-8B4A-11D0-8D11-00A0C91BC942}") = "FJSPonGA", "FJSPonGA\FJSPonGA.vcxproj", "{33C1BB67-73DE-463C-BD02-B7C7009C7AE2}"
EndProject
Global
	GlobalSection(SolutionConfigurationPlatforms) = preSolution
		Debug|x64 = Debug|x64
		Debug|x86 = Debug|x86
		Release|x64 = Release|x64
		Release|x86 = Release|x86
	EndGlobalSection
	GlobalSection(ProjectConfigurationPlatforms) = postSolution
		{33C1BB67-73DE-463C-BD02-B7C7009C7AE2}.Debug|x64.ActiveCfg = Debug|x64
		{33C1BB67-73DE-463C-BD02-B7C7009C7AE2}.Debug|x64.Build.0 = Debug|x64
		{33C1BB67-73DE-463C-BD02-B7C7009C7AE2}.Debug|x86.ActiveCfg = Debug|Win32
		{33C1BB67-73DE-463C-BD02-B7C7009C7AE2}.Debug|x86.Build.0 = Debug|Win32
		{33C1BB67-73DE-463C-BD02-B7C7009C7AE2}.Release|x64.ActiveCfg = Release|x64
		{33C1BB67-73DE-463C-BD02-B7C7009C7AE2}.Release|x64.Build.0 = Release|x64
		{33C1BB67-73DE-463C-BD02-B7C7009C7AE2}.Release|x86.ActiveCfg = Release|Win32
		{33C1BB67-73DE-463C-BD02-B7C7009C7AE2}.Release|x86.Build.0 = Release|Win32
	EndGlobalSection
	GlobalSection(SolutionProperties) = preSolution
		HideSolutionNode = FALSE
	EndGlobalSection
	GlobalSection(ExtensibilityGlobals) = postSolution
		SolutionGuid = {EC37AD02-4815-4EAB-BACB-83EBD954AA2B}
	EndGlobalSection
EndGlobal
